
Microsoft Visual Studio Solution File, Format Version 12.00
# Visual Studio Version 16
VisualStudioVersion = 16.0.29306.81
MinimumVisualStudioVersion = 10.0.40219.1
Project("{F184B08F-C81C-45F6-A57F-5ABD9991F28F}") = "PruebaConexionBaseDatos", "PruebaConexionBaseDatos.vbproj", "{FA627BF9-4814-4C74-AEB6-5EF97A87DC92}"
EndProject
Global
	GlobalSection(SolutionConfigurationPlatforms) = preSolution
		Debug|Any CPU = Debug|Any CPU
		Release|Any CPU = Release|Any CPU
	EndGlobalSection
	GlobalSection(ProjectConfigurationPlatforms) = postSolution
		{FA627BF9-4814-4C74-AEB6-5EF97A87DC92}.Debug|Any CPU.ActiveCfg = Debug|Any CPU
		{FA627BF9-4814-4C74-AEB6-5EF97A87DC92}.Debug|Any CPU.Build.0 = Debug|Any CPU
		{FA627BF9-4814-4C74-AEB6-5EF97A87DC92}.Release|Any CPU.ActiveCfg = Release|Any CPU
		{FA627BF9-4814-4C74-AEB6-5EF97A87DC92}.Release|Any CPU.Build.0 = Release|Any CPU
	EndGlobalSection
	GlobalSection(SolutionProperties) = preSolution
		HideSolutionNode = FALSE
	EndGlobalSection
	GlobalSection(ExtensibilityGlobals) = postSolution
		SolutionGuid = {B0B0F510-512F-4FC1-8B0E-4ADE1D1AA8E2}
	EndGlobalSection
EndGlobal
